
Microsoft Visual Studio Solution File, Format Version 12.00
# Visual Studio 15
VisualStudioVersion = 15.0.28307.329
MinimumVisualStudioVersion = 10.0.40219.1
Project("{FAE04EC0-301F-11D3-BF4B-00C04F79EFBC}") = "Numind.AspNetCore.SpaServices.Extensions", "Numind.AspNetCore.SpaServices.Extensions\Numind.AspNetCore.SpaServices.Extensions.csproj", "{BBE90F26-7D04-4BC0-9C72-219D9D1F895C}"
EndProject
Global
	GlobalSection(SolutionConfigurationPlatforms) = preSolution
		Debug|Any CPU = Debug|Any CPU
		Release|Any CPU = Release|Any CPU
	EndGlobalSection
	GlobalSection(ProjectConfigurationPlatforms) = postSolution
		{BBE90F26-7D04-4BC0-9C72-219D9D1F895C}.Debug|Any CPU.ActiveCfg = Debug|Any CPU
		{BBE90F26-7D04-4BC0-9C72-219D9D1F895C}.Debug|Any CPU.Build.0 = Debug|Any CPU
		{BBE90F26-7D04-4BC0-9C72-219D9D1F895C}.Release|Any CPU.ActiveCfg = Release|Any CPU
		{BBE90F26-7D04-4BC0-9C72-219D9D1F895C}.Release|Any CPU.Build.0 = Release|Any CPU
	EndGlobalSection
	GlobalSection(SolutionProperties) = preSolution
		HideSolutionNode = FALSE
	EndGlobalSection
	GlobalSection(ExtensibilityGlobals) = postSolution
		SolutionGuid = {91106754-BE34-465F-B873-45ACB32439DE}
	EndGlobalSection
EndGlobal
